
Microsoft Visual Studio Solution File, Format Version 12.00
# Visual Studio 15
VisualStudioVersion = 15.0.27130.2036
MinimumVisualStudioVersion = 10.0.40219.1
Project("{FAE04EC0-301F-11D3-BF4B-00C04F79EFBC}") = "Carvallio", "Carvallio\Carvallio.csproj", "{22265851-74C6-4958-B744-82943ECBFC41}"
EndProject
Project("{FAE04EC0-301F-11D3-BF4B-00C04F79EFBC}") = "Carvallio.Tests", "Carvallio.Tests\Carvallio.Tests.csproj", "{6598FAA1-D758-441B-BA71-F794D2DBBEF1}"
EndProject
Global
	GlobalSection(SolutionConfigurationPlatforms) = preSolution
		Debug|Any CPU = Debug|Any CPU
		Release|Any CPU = Release|Any CPU
	EndGlobalSection
	GlobalSection(ProjectConfigurationPlatforms) = postSolution
		{22265851-74C6-4958-B744-82943ECBFC41}.Debug|Any CPU.ActiveCfg = Debug|Any CPU
		{22265851-74C6-4958-B744-82943ECBFC41}.Debug|Any CPU.Build.0 = Debug|Any CPU
		{22265851-74C6-4958-B744-82943ECBFC41}.Release|Any CPU.ActiveCfg = Release|Any CPU
		{22265851-74C6-4958-B744-82943ECBFC41}.Release|Any CPU.Build.0 = Release|Any CPU
		{6598FAA1-D758-441B-BA71-F794D2DBBEF1}.Debug|Any CPU.ActiveCfg = Debug|Any CPU
		{6598FAA1-D758-441B-BA71-F794D2DBBEF1}.Debug|Any CPU.Build.0 = Debug|Any CPU
		{6598FAA1-D758-441B-BA71-F794D2DBBEF1}.Release|Any CPU.ActiveCfg = Release|Any CPU
		{6598FAA1-D758-441B-BA71-F794D2DBBEF1}.Release|Any CPU.Build.0 = Release|Any CPU
	EndGlobalSection
	GlobalSection(SolutionProperties) = preSolution
		HideSolutionNode = FALSE
	EndGlobalSection
	GlobalSection(ExtensibilityGlobals) = postSolution
		SolutionGuid = {76AE619F-1485-4394-A537-3DC7ABD5838B}
	EndGlobalSection
EndGlobal
